// !$*UTF8*$!
{
	archiveVersion = 1;
	classes = {
	};
	objectVersion = 56;
	objects = {

/* Begin PBXBuildFile section */
		18B30BF92A7B5944008F86AD /* CountTodoTableViewCell.swift in Sources */ = {isa = PBXBuildFile; fileRef = 18B30BF82A7B5944008F86AD /* CountTodoTableViewCell.swift */; };
		18B30BFD2A7B971A008F86AD /* Animation.swift in Sources */ = {isa = PBXBuildFile; fileRef = 18B30BFC2A7B971A008F86AD /* Animation.swift */; };
		18BE8BCD2A777B84000A1407 /* AppDelegate.swift in Sources */ = {isa = PBXBuildFile; fileRef = 18BE8BCC2A777B84000A1407 /* AppDelegate.swift */; };
		18BE8BCF2A777B84000A1407 /* SceneDelegate.swift in Sources */ = {isa = PBXBuildFile; fileRef = 18BE8BCE2A777B84000A1407 /* SceneDelegate.swift */; };
		18BE8BD12A777B84000A1407 /* ViewController.swift in Sources */ = {isa = PBXBuildFile; fileRef = 18BE8BD02A777B84000A1407 /* ViewController.swift */; };
		18BE8BD42A777B84000A1407 /* Main.storyboard in Resources */ = {isa = PBXBuildFile; fileRef = 18BE8BD22A777B84000A1407 /* Main.storyboard */; };
		18BE8BD62A777B86000A1407 /* Assets.xcassets in Resources */ = {isa = PBXBuildFile; fileRef = 18BE8BD52A777B86000A1407 /* Assets.xcassets */; };
		18BE8BD92A777B86000A1407 /* LaunchScreen.storyboard in Resources */ = {isa = PBXBuildFile; fileRef = 18BE8BD72A777B86000A1407 /* LaunchScreen.storyboard */; };
		18BE8BE12A778F5C000A1407 /* TodoListViewController.swift in Sources */ = {isa = PBXBuildFile; fileRef = 18BE8BE02A778F5C000A1407 /* TodoListViewController.swift */; };
		18BE8BE32A778F65000A1407 /* DoneListViewController.swift in Sources */ = {isa = PBXBuildFile; fileRef = 18BE8BE22A778F65000A1407 /* DoneListViewController.swift */; };
		18BE8BF32A77A3B9000A1407 /* TodoTableViewCell.swift in Sources */ = {isa = PBXBuildFile; fileRef = 18BE8BF22A77A3B9000A1407 /* TodoTableViewCell.swift */; };
		18BE8BF62A77B076000A1407 /* TodoManager.swift in Sources */ = {isa = PBXBuildFile; fileRef = 18BE8BF52A77B076000A1407 /* TodoManager.swift */; };
		18BE8BF82A77B091000A1407 /* CheckTodo.swift in Sources */ = {isa = PBXBuildFile; fileRef = 18BE8BF72A77B091000A1407 /* CheckTodo.swift */; };
		18C034682A79CEAB002B6368 /* CompleteButton.swift in Sources */ = {isa = PBXBuildFile; fileRef = 18C034672A79CEAB002B6368 /* CompleteButton.swift */; };
		18C7DD2D2A821C330029A942 /* CreateTodoViewController.swift in Sources */ = {isa = PBXBuildFile; fileRef = 18C7DD2C2A821C330029A942 /* CreateTodoViewController.swift */; };
		18D15F612A85CA9300EE32D4 /* DoneTableViewCell.swift in Sources */ = {isa = PBXBuildFile; fileRef = 18D15F602A85CA9300EE32D4 /* DoneTableViewCell.swift */; };
		18E1E37E2A973998003FB86D /* CountTodo.swift in Sources */ = {isa = PBXBuildFile; fileRef = 18E1E37D2A973998003FB86D /* CountTodo.swift */; };
		18E1E3802A9739D9003FB86D /* Task.swift in Sources */ = {isa = PBXBuildFile; fileRef = 18E1E37F2A9739D9003FB86D /* Task.swift */; };
		18E1E3852A973BAB003FB86D /* Date.swift in Sources */ = {isa = PBXBuildFile; fileRef = 18E1E3842A973BAB003FB86D /* Date.swift */; };
		18E1E3872A973BE6003FB86D /* UIColor.swift in Sources */ = {isa = PBXBuildFile; fileRef = 18E1E3862A973BE6003FB86D /* UIColor.swift */; };
		18E1E3892A973C25003FB86D /* UITableView.swift in Sources */ = {isa = PBXBuildFile; fileRef = 18E1E3882A973C25003FB86D /* UITableView.swift */; };
		18E1E38B2A973C70003FB86D /* UITableVIewCell.swift in Sources */ = {isa = PBXBuildFile; fileRef = 18E1E38A2A973C70003FB86D /* UITableVIewCell.swift */; };
/* End PBXBuildFile section */

/* Begin PBXFileReference section */
		18B30BF82A7B5944008F86AD /* CountTodoTableViewCell.swift */ = {isa = PBXFileReference; lastKnownFileType = sourcecode.swift; path = CountTodoTableViewCell.swift; sourceTree = "<group>"; };
		18B30BFC2A7B971A008F86AD /* Animation.swift */ = {isa = PBXFileReference; lastKnownFileType = sourcecode.swift; path = Animation.swift; sourceTree = "<group>"; };
		18BE8BC92A777B84000A1407 /* Todo.app */ = {isa = PBXFileReference; explicitFileType = wrapper.application; includeInIndex = 0; path = Todo.app; sourceTree = BUILT_PRODUCTS_DIR; };
		18BE8BCC2A777B84000A1407 /* AppDelegate.swift */ = {isa = PBXFileReference; lastKnownFileType = sourcecode.swift; path = AppDelegate.swift; sourceTree = "<group>"; };
		18BE8BCE2A777B84000A1407 /* SceneDelegate.swift */ = {isa = PBXFileReference; lastKnownFileType = sourcecode.swift; path = SceneDelegate.swift; sourceTree = "<group>"; };
		18BE8BD02A777B84000A1407 /* ViewController.swift */ = {isa = PBXFileReference; lastKnownFileType = sourcecode.swift; path = ViewController.swift; sourceTree = "<group>"; };
		18BE8BD32A777B84000A1407 /* Base */ = {isa = PBXFileReference; lastKnownFileType = file.storyboard; name = Base; path = Base.lproj/Main.storyboard; sourceTree = "<group>"; };
		18BE8BD52A777B86000A1407 /* Assets.xcassets */ = {isa = PBXFileReference; lastKnownFileType = folder.assetcatalog; path = Assets.xcassets; sourceTree = "<group>"; };
		18BE8BD82A777B86000A1407 /* Base */ = {isa = PBXFileReference; lastKnownFileType = file.storyboard; name = Base; path = Base.lproj/LaunchScreen.storyboard; sourceTree = "<group>"; };
		18BE8BDA2A777B86000A1407 /* Info.plist */ = {isa = PBXFileReference; lastKnownFileType = text.plist.xml; path = Info.plist; sourceTree = "<group>"; };
		18BE8BE02A778F5C000A1407 /* TodoListViewController.swift */ = {isa = PBXFileReference; lastKnownFileType = sourcecode.swift; path = TodoListViewController.swift; sourceTree = "<group>"; };
		18BE8BE22A778F65000A1407 /* DoneListViewController.swift */ = {isa = PBXFileReference; lastKnownFileType = sourcecode.swift; path = DoneListViewController.swift; sourceTree = "<group>"; };
		18BE8BF22A77A3B9000A1407 /* TodoTableViewCell.swift */ = {isa = PBXFileReference; lastKnownFileType = sourcecode.swift; path = TodoTableViewCell.swift; sourceTree = "<group>"; };
		18BE8BF52A77B076000A1407 /* TodoManager.swift */ = {isa = PBXFileReference; lastKnownFileType = sourcecode.swift; path = TodoManager.swift; sourceTree = "<group>"; };
		18BE8BF72A77B091000A1407 /* CheckTodo.swift */ = {isa = PBXFileReference; lastKnownFileType = sourcecode.swift; path = CheckTodo.swift; sourceTree = "<group>"; };
		18C034672A79CEAB002B6368 /* CompleteButton.swift */ = {isa = PBXFileReference; lastKnownFileType = sourcecode.swift; path = CompleteButton.swift; sourceTree = "<group>"; };
		18C7DD2C2A821C330029A942 /* CreateTodoViewController.swift */ = {isa = PBXFileReference; lastKnownFileType = sourcecode.swift; path = CreateTodoViewController.swift; sourceTree = "<group>"; };
		18D15F602A85CA9300EE32D4 /* DoneTableViewCell.swift */ = {isa = PBXFileReference; lastKnownFileType = sourcecode.swift; path = DoneTableViewCell.swift; sourceTree = "<group>"; };
		18E1E37D2A973998003FB86D /* CountTodo.swift */ = {isa = PBXFileReference; lastKnownFileType = sourcecode.swift; path = CountTodo.swift; sourceTree = "<group>"; };
		18E1E37F2A9739D9003FB86D /* Task.swift */ = {isa = PBXFileReference; lastKnownFileType = sourcecode.swift; path = Task.swift; sourceTree = "<group>"; };
		18E1E3842A973BAB003FB86D /* Date.swift */ = {isa = PBXFileReference; lastKnownFileType = sourcecode.swift; path = Date.swift; sourceTree = "<group>"; };
		18E1E3862A973BE6003FB86D /* UIColor.swift */ = {isa = PBXFileReference; lastKnownFileType = sourcecode.swift; path = UIColor.swift; sourceTree = "<group>"; };
		18E1E3882A973C25003FB86D /* UITableView.swift */ = {isa = PBXFileReference; lastKnownFileType = sourcecode.swift; path = UITableView.swift; sourceTree = "<group>"; };
		18E1E38A2A973C70003FB86D /* UITableVIewCell.swift */ = {isa = PBXFileReference; lastKnownFileType = sourcecode.swift; path = UITableVIewCell.swift; sourceTree = "<group>"; };
/* End PBXFileReference section */

/* Begin PBXFrameworksBuildPhase section */
		18BE8BC62A777B84000A1407 /* Frameworks */ = {
			isa = PBXFrameworksBuildPhase;
			buildActionMask = 2147483647;
			files = (
			);
			runOnlyForDeploymentPostprocessing = 0;
		};
/* End PBXFrameworksBuildPhase section */

/* Begin PBXGroup section */
		18BE8BC02A777B84000A1407 = {
			isa = PBXGroup;
			children = (
				18BE8BCB2A777B84000A1407 /* Todo */,
				18BE8BCA2A777B84000A1407 /* Products */,
			);
			sourceTree = "<group>";
		};
		18BE8BCA2A777B84000A1407 /* Products */ = {
			isa = PBXGroup;
			children = (
				18BE8BC92A777B84000A1407 /* Todo.app */,
			);
			name = Products;
			sourceTree = "<group>";
		};
		18BE8BCB2A777B84000A1407 /* Todo */ = {
			isa = PBXGroup;
			children = (
				18E1E3902A974109003FB86D /* Model */,
				18E1E38F2A9740D8003FB86D /* ViewController */,
				18E1E38E2A9740B3003FB86D /* Util */,
				18E1E3812A973AB1003FB86D /* Extension */,
				18BE8BE52A779202000A1407 /* View */,
				18BE8BCC2A777B84000A1407 /* AppDelegate.swift */,
				18BE8BCE2A777B84000A1407 /* SceneDelegate.swift */,
				18BE8BD22A777B84000A1407 /* Main.storyboard */,
				18BE8BD52A777B86000A1407 /* Assets.xcassets */,
				18BE8BD72A777B86000A1407 /* LaunchScreen.storyboard */,
				18BE8BDA2A777B86000A1407 /* Info.plist */,
			);
			path = Todo;
			sourceTree = "<group>";
		};
		18BE8BE52A779202000A1407 /* View */ = {
			isa = PBXGroup;
			children = (
				18BE8BF22A77A3B9000A1407 /* TodoTableViewCell.swift */,
				18C034672A79CEAB002B6368 /* CompleteButton.swift */,
				18B30BF82A7B5944008F86AD /* CountTodoTableViewCell.swift */,
				18D15F602A85CA9300EE32D4 /* DoneTableViewCell.swift */,
			);
			path = View;
			sourceTree = "<group>";
		};
		18E1E3812A973AB1003FB86D /* Extension */ = {
			isa = PBXGroup;
			children = (
				18E1E3842A973BAB003FB86D /* Date.swift */,
				18E1E3862A973BE6003FB86D /* UIColor.swift */,
				18E1E3882A973C25003FB86D /* UITableView.swift */,
				18E1E38A2A973C70003FB86D /* UITableVIewCell.swift */,
			);
			path = Extension;
			sourceTree = "<group>";
		};
		18E1E38E2A9740B3003FB86D /* Util */ = {
			isa = PBXGroup;
			children = (
				18B30BFC2A7B971A008F86AD /* Animation.swift */,
			);
			path = Util;
			sourceTree = "<group>";
		};
		18E1E38F2A9740D8003FB86D /* ViewController */ = {
			isa = PBXGroup;
			children = (
				18BE8BD02A777B84000A1407 /* ViewController.swift */,
				18BE8BE02A778F5C000A1407 /* TodoListViewController.swift */,
				18BE8BE22A778F65000A1407 /* DoneListViewController.swift */,
				18C7DD2C2A821C330029A942 /* CreateTodoViewController.swift */,
			);
			path = ViewController;
			sourceTree = "<group>";
		};
		18E1E3902A974109003FB86D /* Model */ = {
			isa = PBXGroup;
			children = (
				18BE8BF52A77B076000A1407 /* TodoManager.swift */,
				18BE8BF72A77B091000A1407 /* CheckTodo.swift */,
				18E1E37D2A973998003FB86D /* CountTodo.swift */,
				18E1E37F2A9739D9003FB86D /* Task.swift */,
			);
			path = Model;
			sourceTree = "<group>";
		};
/* End PBXGroup section */

/* Begin PBXNativeTarget section */
		18BE8BC82A777B84000A1407 /* Todo */ = {
			isa = PBXNativeTarget;
			buildConfigurationList = 18BE8BDD2A777B86000A1407 /* Build configuration list for PBXNativeTarget "Todo" */;
			buildPhases = (
				18BE8BC52A777B84000A1407 /* Sources */,
				18BE8BC62A777B84000A1407 /* Frameworks */,
				18BE8BC72A777B84000A1407 /* Resources */,
			);
			buildRules = (
			);
			dependencies = (
			);
			name = Todo;
			productName = Todo;
			productReference = 18BE8BC92A777B84000A1407 /* Todo.app */;
			productType = "com.apple.product-type.application";
		};
/* End PBXNativeTarget section */

/* Begin PBXProject section */
		18BE8BC12A777B84000A1407 /* Project object */ = {
			isa = PBXProject;
			attributes = {
				BuildIndependentTargetsInParallel = 1;
				LastSwiftUpdateCheck = 1430;
				LastUpgradeCheck = 1430;
				TargetAttributes = {
					18BE8BC82A777B84000A1407 = {
						CreatedOnToolsVersion = 14.3.1;
					};
				};
			};
			buildConfigurationList = 18BE8BC42A777B84000A1407 /* Build configuration list for PBXProject "Todo" */;
			compatibilityVersion = "Xcode 14.0";
			developmentRegion = en;
			hasScannedForEncodings = 0;
			knownRegions = (
				en,
				Base,
			);
			mainGroup = 18BE8BC02A777B84000A1407;
			productRefGroup = 18BE8BCA2A777B84000A1407 /* Products */;
			projectDirPath = "";
			projectRoot = "";
			targets = (
				18BE8BC82A777B84000A1407 /* Todo */,
			);
		};
/* End PBXProject section */

/* Begin PBXResourcesBuildPhase section */
		18BE8BC72A777B84000A1407 /* Resources */ = {
			isa = PBXResourcesBuildPhase;
			buildActionMask = 2147483647;
			files = (
				18BE8BD92A777B86000A1407 /* LaunchScreen.storyboard in Resources */,
				18BE8BD62A777B86000A1407 /* Assets.xcassets in Resources */,
				18BE8BD42A777B84000A1407 /* Main.storyboard in Resources */,
			);
			runOnlyForDeploymentPostprocessing = 0;
		};
/* End PBXResourcesBuildPhase section */

/* Begin PBXSourcesBuildPhase section */
		18BE8BC52A777B84000A1407 /* Sources */ = {
			isa = PBXSourcesBuildPhase;
			buildActionMask = 2147483647;
			files = (
				18E1E37E2A973998003FB86D /* CountTodo.swift in Sources */,
				18B30BF92A7B5944008F86AD /* CountTodoTableViewCell.swift in Sources */,
				18E1E3872A973BE6003FB86D /* UIColor.swift in Sources */,
				18BE8BE32A778F65000A1407 /* DoneListViewController.swift in Sources */,
				18BE8BE12A778F5C000A1407 /* TodoListViewController.swift in Sources */,
				18BE8BD12A777B84000A1407 /* ViewController.swift in Sources */,
				18C7DD2D2A821C330029A942 /* CreateTodoViewController.swift in Sources */,
				18BE8BF82A77B091000A1407 /* CheckTodo.swift in Sources */,
				18BE8BF32A77A3B9000A1407 /* TodoTableViewCell.swift in Sources */,
				18E1E3802A9739D9003FB86D /* Task.swift in Sources */,
				18D15F612A85CA9300EE32D4 /* DoneTableViewCell.swift in Sources */,
				18BE8BCD2A777B84000A1407 /* AppDelegate.swift in Sources */,
				18E1E3852A973BAB003FB86D /* Date.swift in Sources */,
				18E1E38B2A973C70003FB86D /* UITableVIewCell.swift in Sources */,
				18C034682A79CEAB002B6368 /* CompleteButton.swift in Sources */,
				18BE8BCF2A777B84000A1407 /* SceneDelegate.swift in Sources */,
				18B30BFD2A7B971A008F86AD /* Animation.swift in Sources */,
				18BE8BF62A77B076000A1407 /* TodoManager.swift in Sources */,
				18E1E3892A973C25003FB86D /* UITableView.swift in Sources */,
			);
			runOnlyForDeploymentPostprocessing = 0;
		};
/* End PBXSourcesBuildPhase section */

/* Begin PBXVariantGroup section */
		18BE8BD22A777B84000A1407 /* Main.storyboard */ = {
			isa = PBXVariantGroup;
			children = (
				18BE8BD32A777B84000A1407 /* Base */,
			);
			name = Main.storyboard;
			sourceTree = "<group>";
		};
		18BE8BD72A777B86000A1407 /* LaunchScreen.storyboard */ = {
			isa = PBXVariantGroup;
			children = (
				18BE8BD82A777B86000A1407 /* Base */,
			);
			name = LaunchScreen.storyboard;
			sourceTree = "<group>";
		};
/* End PBXVariantGroup section */

/* Begin XCBuildConfiguration section */
		18BE8BDB2A777B86000A1407 /* Debug */ = {
			isa = XCBuildConfiguration;
			buildSettings = {
				ALWAYS_SEARCH_USER_PATHS = NO;
				CLANG_ANALYZER_NONNULL = YES;
				CLANG_ANALYZER_NUMBER_OBJECT_CONVERSION = YES_AGGRESSIVE;
				CLANG_CXX_LANGUAGE_STANDARD = "gnu++20";
				CLANG_ENABLE_MODULES = YES;
				CLANG_ENABLE_OBJC_ARC = YES;
				CLANG_ENABLE_OBJC_WEAK = YES;
				CLANG_WARN_BLOCK_CAPTURE_AUTORELEASING = YES;
				CLANG_WARN_BOOL_CONVERSION = YES;
				CLANG_WARN_COMMA = YES;
				CLANG_WARN_CONSTANT_CONVERSION = YES;
				CLANG_WARN_DEPRECATED_OBJC_IMPLEMENTATIONS = YES;
				CLANG_WARN_DIRECT_OBJC_ISA_USAGE = YES_ERROR;
				CLANG_WARN_DOCUMENTATION_COMMENTS = YES;
				CLANG_WARN_EMPTY_BODY = YES;
				CLANG_WARN_ENUM_CONVERSION = YES;
				CLANG_WARN_INFINITE_RECURSION = YES;
				CLANG_WARN_INT_CONVERSION = YES;
				CLANG_WARN_NON_LITERAL_NULL_CONVERSION = YES;
				CLANG_WARN_OBJC_IMPLICIT_RETAIN_SELF = YES;
				CLANG_WARN_OBJC_LITERAL_CONVERSION = YES;
				CLANG_WARN_OBJC_ROOT_CLASS = YES_ERROR;
				CLANG_WARN_QUOTED_INCLUDE_IN_FRAMEWORK_HEADER = YES;
				CLANG_WARN_RANGE_LOOP_ANALYSIS = YES;
				CLANG_WARN_STRICT_PROTOTYPES = YES;
				CLANG_WARN_SUSPICIOUS_MOVE = YES;
				CLANG_WARN_UNGUARDED_AVAILABILITY = YES_AGGRESSIVE;
				CLANG_WARN_UNREACHABLE_CODE = YES;
				CLANG_WARN__DUPLICATE_METHOD_MATCH = YES;
				COPY_PHASE_STRIP = NO;
				DEBUG_INFORMATION_FORMAT = dwarf;
				ENABLE_STRICT_OBJC_MSGSEND = YES;
				ENABLE_TESTABILITY = YES;
				GCC_C_LANGUAGE_STANDARD = gnu11;
				GCC_DYNAMIC_NO_PIC = NO;
				GCC_NO_COMMON_BLOCKS = YES;
				GCC_OPTIMIZATION_LEVEL = 0;
				GCC_PREPROCESSOR_DEFINITIONS = (
					"DEBUG=1",
					"$(inherited)",
				);
				GCC_WARN_64_TO_32_BIT_CONVERSION = YES;
				GCC_WARN_ABOUT_RETURN_TYPE = YES_ERROR;
				GCC_WARN_UNDECLARED_SELECTOR = YES;
				GCC_WARN_UNINITIALIZED_AUTOS = YES_AGGRESSIVE;
				GCC_WARN_UNUSED_FUNCTION = YES;
				GCC_WARN_UNUSED_VARIABLE = YES;
				IPHONEOS_DEPLOYMENT_TARGET = 16.4;
				MTL_ENABLE_DEBUG_INFO = INCLUDE_SOURCE;
				MTL_FAST_MATH = YES;
				ONLY_ACTIVE_ARCH = YES;
				SDKROOT = iphoneos;
				SWIFT_ACTIVE_COMPILATION_CONDITIONS = DEBUG;
				SWIFT_OPTIMIZATION_LEVEL = "-Onone";
			};
			name = Debug;
		};
		18BE8BDC2A777B86000A1407 /* Release */ = {
			isa = XCBuildConfiguration;
			buildSettings = {
				ALWAYS_SEARCH_USER_PATHS = NO;
				CLANG_ANALYZER_NONNULL = YES;
				CLANG_ANALYZER_NUMBER_OBJECT_CONVERSION = YES_AGGRESSIVE;
				CLANG_CXX_LANGUAGE_STANDARD = "gnu++20";
				CLANG_ENABLE_MODULES = YES;
				CLANG_ENABLE_OBJC_ARC = YES;
				CLANG_ENABLE_OBJC_WEAK = YES;
				CLANG_WARN_BLOCK_CAPTURE_AUTORELEASING = YES;
				CLANG_WARN_BOOL_CONVERSION = YES;
				CLANG_WARN_COMMA = YES;
				CLANG_WARN_CONSTANT_CONVERSION = YES;
				CLANG_WARN_DEPRECATED_OBJC_IMPLEMENTATIONS = YES;
				CLANG_WARN_DIRECT_OBJC_ISA_USAGE = YES_ERROR;
				CLANG_WARN_DOCUMENTATION_COMMENTS = YES;
				CLANG_WARN_EMPTY_BODY = YES;
				CLANG_WARN_ENUM_CONVERSION = YES;
				CLANG_WARN_INFINITE_RECURSION = YES;
				CLANG_WARN_INT_CONVERSION = YES;
				CLANG_WARN_NON_LITERAL_NULL_CONVERSION = YES;
				CLANG_WARN_OBJC_IMPLICIT_RETAIN_SELF = YES;
				CLANG_WARN_OBJC_LITERAL_CONVERSION = YES;
				CLANG_WARN_OBJC_ROOT_CLASS = YES_ERROR;
				CLANG_WARN_QUOTED_INCLUDE_IN_FRAMEWORK_HEADER = YES;
				CLANG_WARN_RANGE_LOOP_ANALYSIS = YES;
				CLANG_WARN_STRICT_PROTOTYPES = YES;
				CLANG_WARN_SUSPICIOUS_MOVE = YES;
				CLANG_WARN_UNGUARDED_AVAILABILITY = YES_AGGRESSIVE;
				CLANG_WARN_UNREACHABLE_CODE = YES;
				CLANG_WARN__DUPLICATE_METHOD_MATCH = YES;
				COPY_PHASE_STRIP = NO;
				DEBUG_INFORMATION_FORMAT = "dwarf-with-dsym";
				ENABLE_NS_ASSERTIONS = NO;
				ENABLE_STRICT_OBJC_MSGSEND = YES;
				GCC_C_LANGUAGE_STANDARD = gnu11;
				GCC_NO_COMMON_BLOCKS = YES;
				GCC_WARN_64_TO_32_BIT_CONVERSION = YES;
				GCC_WARN_ABOUT_RETURN_TYPE = YES_ERROR;
				GCC_WARN_UNDECLARED_SELECTOR = YES;
				GCC_WARN_UNINITIALIZED_AUTOS = YES_AGGRESSIVE;
				GCC_WARN_UNUSED_FUNCTION = YES;
				GCC_WARN_UNUSED_VARIABLE = YES;
				IPHONEOS_DEPLOYMENT_TARGET = 16.4;
				MTL_ENABLE_DEBUG_INFO = NO;
				MTL_FAST_MATH = YES;
				SDKROOT = iphoneos;
				SWIFT_COMPILATION_MODE = wholemodule;
				SWIFT_OPTIMIZATION_LEVEL = "-O";
				VALIDATE_PRODUCT = YES;
			};
			name = Release;
		};
		18BE8BDE2A777B86000A1407 /* Debug */ = {
			isa = XCBuildConfiguration;
			buildSettings = {
				ASSETCATALOG_COMPILER_APPICON_NAME = AppIcon;
				ASSETCATALOG_COMPILER_GLOBAL_ACCENT_COLOR_NAME = AccentColor;
				CODE_SIGN_STYLE = Automatic;
				CURRENT_PROJECT_VERSION = 1;
				DEVELOPMENT_TEAM = 2FY7M8J988;
				GENERATE_INFOPLIST_FILE = YES;
				INFOPLIST_FILE = Todo/Info.plist;
				INFOPLIST_KEY_UIApplicationSupportsIndirectInputEvents = YES;
				INFOPLIST_KEY_UILaunchStoryboardName = LaunchScreen;
				INFOPLIST_KEY_UIMainStoryboardFile = Main;
				INFOPLIST_KEY_UISupportedInterfaceOrientations_iPad = "UIInterfaceOrientationPortrait UIInterfaceOrientationPortraitUpsideDown UIInterfaceOrientationLandscapeLeft UIInterfaceOrientationLandscapeRight";
				INFOPLIST_KEY_UISupportedInterfaceOrientations_iPhone = "UIInterfaceOrientationPortrait UIInterfaceOrientationLandscapeLeft UIInterfaceOrientationLandscapeRight";
				IPHONEOS_DEPLOYMENT_TARGET = 16.3;
				LD_RUNPATH_SEARCH_PATHS = (
					"$(inherited)",
					"@executable_path/Frameworks",
				);
				MARKETING_VERSION = 1.0;
				PRODUCT_BUNDLE_IDENTIFIER = KD.Todo;
				PRODUCT_NAME = "$(TARGET_NAME)";
				SWIFT_EMIT_LOC_STRINGS = YES;
				SWIFT_VERSION = 5.0;
				TARGETED_DEVICE_FAMILY = "1,2";
			};
			name = Debug;
		};
		18BE8BDF2A777B86000A1407 /* Release */ = {
			isa = XCBuildConfiguration;
			buildSettings = {
				ASSETCATALOG_COMPILER_APPICON_NAME = AppIcon;
				ASSETCATALOG_COMPILER_GLOBAL_ACCENT_COLOR_NAME = AccentColor;
				CODE_SIGN_STYLE = Automatic;
				CURRENT_PROJECT_VERSION = 1;
				DEVELOPMENT_TEAM = 2FY7M8J988;
				GENERATE_INFOPLIST_FILE = YES;
				INFOPLIST_FILE = Todo/Info.plist;
				INFOPLIST_KEY_UIApplicationSupportsIndirectInputEvents = YES;
				INFOPLIST_KEY_UILaunchStoryboardName = LaunchScreen;
				INFOPLIST_KEY_UIMainStoryboardFile = Main;
				INFOPLIST_KEY_UISupportedInterfaceOrientations_iPad = "UIInterfaceOrientationPortrait UIInterfaceOrientationPortraitUpsideDown UIInterfaceOrientationLandscapeLeft UIInterfaceOrientationLandscapeRight";
				INFOPLIST_KEY_UISupportedInterfaceOrientations_iPhone = "UIInterfaceOrientationPortrait UIInterfaceOrientationLandscapeLeft UIInterfaceOrientationLandscapeRight";
				IPHONEOS_DEPLOYMENT_TARGET = 16.3;
				LD_RUNPATH_SEARCH_PATHS = (
					"$(inherited)",
					"@executable_path/Frameworks",
				);
				MARKETING_VERSION = 1.0;
				PRODUCT_BUNDLE_IDENTIFIER = KD.Todo;
				PRODUCT_NAME = "$(TARGET_NAME)";
				SWIFT_EMIT_LOC_STRINGS = YES;
				SWIFT_VERSION = 5.0;
				TARGETED_DEVICE_FAMILY = "1,2";
			};
			name = Release;
		};
/* End XCBuildConfiguration section */

/* Begin XCConfigurationList section */
		18BE8BC42A777B84000A1407 /* Build configuration list for PBXProject "Todo" */ = {
			isa = XCConfigurationList;
			buildConfigurations = (
				18BE8BDB2A777B86000A1407 /* Debug */,
				18BE8BDC2A777B86000A1407 /* Release */,
			);
			defaultConfigurationIsVisible = 0;
			defaultConfigurationName = Release;
		};
		18BE8BDD2A777B86000A1407 /* Build configuration list for PBXNativeTarget "Todo" */ = {
			isa = XCConfigurationList;
			buildConfigurations = (
				18BE8BDE2A777B86000A1407 /* Debug */,
				18BE8BDF2A777B86000A1407 /* Release */,
			);
			defaultConfigurationIsVisible = 0;
			defaultConfigurationName = Release;
		};
/* End XCConfigurationList section */
	};
	rootObject = 18BE8BC12A777B84000A1407 /* Project object */;
}
